{
  "name": "react-hexgrid",
  "version": "1.0.3",
  "lockfileVersion": 1,
  "requires": true,
  "dependencies": {
    "react-native-svg": {
      "version": "9.3.7",
      "resolved": "https://registry.npmjs.org/react-native-svg/-/react-native-svg-9.3.7.tgz",
      "integrity": "sha512-PmiMhcprv0o01ysgOYacu+iS7Lqk4kA9zE6xFcqV/dnKWPUxD1nb8CAt0FSXOR2QiesAzXVIBVGe5SSiHprTgw=="
    }
  }
}
